
Microsoft Visual Studio Solution File, Format Version 12.00
# Visual Studio 14
VisualStudioVersion = 14.0.25123.0
MinimumVisualStudioVersion = 10.0.40219.1
Project("{FAE04EC0-301F-11D3-BF4B-00C04F79EFBC}") = "iVault.App", "iVault.App\iVault.App.csproj", "{00DEE633-30B5-4D51-8E6A-081B45D85EE1}"
EndProject
Project("{FAE04EC0-301F-11D3-BF4B-00C04F79EFBC}") = "iVault.Data", "iVault.Data\iVault.Data.csproj", "{3A040B0D-78F3-4156-B7A6-254458D9DF54}"
EndProject
Project("{FAE04EC0-301F-11D3-BF4B-00C04F79EFBC}") = "iVault.Models", "iVault.Models\iVault.Models.csproj", "{B7EF7ECD-AF0C-4273-921D-B9731F4BC4D2}"
EndProject
Global
	GlobalSection(SolutionConfigurationPlatforms) = preSolution
		Debug|Any CPU = Debug|Any CPU
		Release|Any CPU = Release|Any CPU
	EndGlobalSection
	GlobalSection(ProjectConfigurationPlatforms) = postSolution
		{00DEE633-30B5-4D51-8E6A-081B45D85EE1}.Debug|Any CPU.ActiveCfg = Debug|Any CPU
		{00DEE633-30B5-4D51-8E6A-081B45D85EE1}.Debug|Any CPU.Build.0 = Debug|Any CPU
		{00DEE633-30B5-4D51-8E6A-081B45D85EE1}.Release|Any CPU.ActiveCfg = Release|Any CPU
		{00DEE633-30B5-4D51-8E6A-081B45D85EE1}.Release|Any CPU.Build.0 = Release|Any CPU
		{3A040B0D-78F3-4156-B7A6-254458D9DF54}.Debug|Any CPU.ActiveCfg = Debug|Any CPU
		{3A040B0D-78F3-4156-B7A6-254458D9DF54}.Debug|Any CPU.Build.0 = Debug|Any CPU
		{3A040B0D-78F3-4156-B7A6-254458D9DF54}.Release|Any CPU.ActiveCfg = Release|Any CPU
		{3A040B0D-78F3-4156-B7A6-254458D9DF54}.Release|Any CPU.Build.0 = Release|Any CPU
		{B7EF7ECD-AF0C-4273-921D-B9731F4BC4D2}.Debug|Any CPU.ActiveCfg = Debug|Any CPU
		{B7EF7ECD-AF0C-4273-921D-B9731F4BC4D2}.Debug|Any CPU.Build.0 = Debug|Any CPU
		{B7EF7ECD-AF0C-4273-921D-B9731F4BC4D2}.Release|Any CPU.ActiveCfg = Release|Any CPU
		{B7EF7ECD-AF0C-4273-921D-B9731F4BC4D2}.Release|Any CPU.Build.0 = Release|Any CPU
	EndGlobalSection
	GlobalSection(SolutionProperties) = preSolution
		HideSolutionNode = FALSE
	EndGlobalSection
EndGlobal
